
Microsoft Visual Studio Solution File, Format Version 12.00
# Visual Studio Version 16
VisualStudioVersion = 16.0.30114.105
MinimumVisualStudioVersion = 10.0.40219.1
Project("{FAE04EC0-301F-11D3-BF4B-00C04F79EFBC}") = "API", "API\API.csproj", "{312A5387-1A97-4BB7-9646-CF08C0197727}"
EndProject
Project("{FAE04EC0-301F-11D3-BF4B-00C04F79EFBC}") = "Core", "Core\Core.csproj", "{326FC400-EB64-4E07-A701-F33DDD9EACFB}"
EndProject
Project("{FAE04EC0-301F-11D3-BF4B-00C04F79EFBC}") = "Infrastructure", "Infrastructure\Infrastructure.csproj", "{79E353AC-BC47-4475-B133-E9AAE7DAD570}"
EndProject
Global
	GlobalSection(SolutionConfigurationPlatforms) = preSolution
		Debug|Any CPU = Debug|Any CPU
		Debug|x64 = Debug|x64
		Debug|x86 = Debug|x86
		Release|Any CPU = Release|Any CPU
		Release|x64 = Release|x64
		Release|x86 = Release|x86
	EndGlobalSection
	GlobalSection(SolutionProperties) = preSolution
		HideSolutionNode = FALSE
	EndGlobalSection
	GlobalSection(ProjectConfigurationPlatforms) = postSolution
		{312A5387-1A97-4BB7-9646-CF08C0197727}.Debug|Any CPU.ActiveCfg = Debug|Any CPU
		{312A5387-1A97-4BB7-9646-CF08C0197727}.Debug|Any CPU.Build.0 = Debug|Any CPU
		{312A5387-1A97-4BB7-9646-CF08C0197727}.Debug|x64.ActiveCfg = Debug|Any CPU
		{312A5387-1A97-4BB7-9646-CF08C0197727}.Debug|x64.Build.0 = Debug|Any CPU
		{312A5387-1A97-4BB7-9646-CF08C0197727}.Debug|x86.ActiveCfg = Debug|Any CPU
		{312A5387-1A97-4BB7-9646-CF08C0197727}.Debug|x86.Build.0 = Debug|Any CPU
		{312A5387-1A97-4BB7-9646-CF08C0197727}.Release|Any CPU.ActiveCfg = Release|Any CPU
		{312A5387-1A97-4BB7-9646-CF08C0197727}.Release|Any CPU.Build.0 = Release|Any CPU
		{312A5387-1A97-4BB7-9646-CF08C0197727}.Release|x64.ActiveCfg = Release|Any CPU
		{312A5387-1A97-4BB7-9646-CF08C0197727}.Release|x64.Build.0 = Release|Any CPU
		{312A5387-1A97-4BB7-9646-CF08C0197727}.Release|x86.ActiveCfg = Release|Any CPU
		{312A5387-1A97-4BB7-9646-CF08C0197727}.Release|x86.Build.0 = Release|Any CPU
		{326FC400-EB64-4E07-A701-F33DDD9EACFB}.Debug|Any CPU.ActiveCfg = Debug|Any CPU
		{326FC400-EB64-4E07-A701-F33DDD9EACFB}.Debug|Any CPU.Build.0 = Debug|Any CPU
		{326FC400-EB64-4E07-A701-F33DDD9EACFB}.Debug|x64.ActiveCfg = Debug|Any CPU
		{326FC400-EB64-4E07-A701-F33DDD9EACFB}.Debug|x64.Build.0 = Debug|Any CPU
		{326FC400-EB64-4E07-A701-F33DDD9EACFB}.Debug|x86.ActiveCfg = Debug|Any CPU
		{326FC400-EB64-4E07-A701-F33DDD9EACFB}.Debug|x86.Build.0 = Debug|Any CPU
		{326FC400-EB64-4E07-A701-F33DDD9EACFB}.Release|Any CPU.ActiveCfg = Release|Any CPU
		{326FC400-EB64-4E07-A701-F33DDD9EACFB}.Release|Any CPU.Build.0 = Release|Any CPU
		{326FC400-EB64-4E07-A701-F33DDD9EACFB}.Release|x64.ActiveCfg = Release|Any CPU
		{326FC400-EB64-4E07-A701-F33DDD9EACFB}.Release|x64.Build.0 = Release|Any CPU
		{326FC400-EB64-4E07-A701-F33DDD9EACFB}.Release|x86.ActiveCfg = Release|Any CPU
		{326FC400-EB64-4E07-A701-F33DDD9EACFB}.Release|x86.Build.0 = Release|Any CPU
		{79E353AC-BC47-4475-B133-E9AAE7DAD570}.Debug|Any CPU.ActiveCfg = Debug|Any CPU
		{79E353AC-BC47-4475-B133-E9AAE7DAD570}.Debug|Any CPU.Build.0 = Debug|Any CPU
		{79E353AC-BC47-4475-B133-E9AAE7DAD570}.Debug|x64.ActiveCfg = Debug|Any CPU
		{79E353AC-BC47-4475-B133-E9AAE7DAD570}.Debug|x64.Build.0 = Debug|Any CPU
		{79E353AC-BC47-4475-B133-E9AAE7DAD570}.Debug|x86.ActiveCfg = Debug|Any CPU
		{79E353AC-BC47-4475-B133-E9AAE7DAD570}.Debug|x86.Build.0 = Debug|Any CPU
		{79E353AC-BC47-4475-B133-E9AAE7DAD570}.Release|Any CPU.ActiveCfg = Release|Any CPU
		{79E353AC-BC47-4475-B133-E9AAE7DAD570}.Release|Any CPU.Build.0 = Release|Any CPU
		{79E353AC-BC47-4475-B133-E9AAE7DAD570}.Release|x64.ActiveCfg = Release|Any CPU
		{79E353AC-BC47-4475-B133-E9AAE7DAD570}.Release|x64.Build.0 = Release|Any CPU
		{79E353AC-BC47-4475-B133-E9AAE7DAD570}.Release|x86.ActiveCfg = Release|Any CPU
		{79E353AC-BC47-4475-B133-E9AAE7DAD570}.Release|x86.Build.0 = Release|Any CPU
	EndGlobalSection
EndGlobal
